
Microsoft Visual Studio Solution File, Format Version 12.00
# Visual Studio Version 17
VisualStudioVersion = 17.3.32901.215
MinimumVisualStudioVersion = 10.0.40219.1
Project("{2150E333-8FDC-42A3-9474-1A3956D46DE8}") = "Core", "Core", "{144CB37D-38F1-41BF-83F2-89FCFDC4B739}"
EndProject
Project("{9A19103F-16F7-4668-BE54-9A1E7A4F7556}") = "HomeHomie.Core", "Core\HomeHomie.Core\HomeHomie.Core.csproj", "{BB45A316-D56F-467D-80F3-6D9FFF4EBBBA}"
EndProject
Project("{9A19103F-16F7-4668-BE54-9A1E7A4F7556}") = "HomeHomie.Core.Cache", "Core\HomeHomie.Core.Cache\HomeHomie.Core.Cache.csproj", "{8BA23296-F68A-420F-BCB9-E78F0573B4FC}"
EndProject
Project("{9A19103F-16F7-4668-BE54-9A1E7A4F7556}") = "HomeHomie.Core.Database", "Core\HomeHomie.Core.Database\HomeHomie.Core.Database.csproj", "{F255D19F-2D6A-4874-A97A-66606E5354A2}"
EndProject
Project("{9A19103F-16F7-4668-BE54-9A1E7A4F7556}") = "HomeHomie.Core.DI", "Core\HomeHomie.Core.DI\HomeHomie.Core.DI.csproj", "{6321103C-7D13-4666-B8E0-FE72DC9B8A57}"
EndProject
Project("{9A19103F-16F7-4668-BE54-9A1E7A4F7556}") = "HomeHomie.Core.MessageBroker", "Core\HomeHomie.Core.MessageBroker\HomeHomie.Core.MessageBroker.csproj", "{3BBA5F71-64FA-49F0-94A5-0BEF258CC516}"
EndProject
Project("{2150E333-8FDC-42A3-9474-1A3956D46DE8}") = "Modules", "Modules", "{7DA26997-04F4-4F07-8295-B8CE6C16C038}"
EndProject
Project("{9A19103F-16F7-4668-BE54-9A1E7A4F7556}") = "HomeHomie.ElectricityModule", "Modules\HomeHomie.ElectricityModule\HomeHomie.ElectricityModule.csproj", "{471D1895-087E-4E1C-8EE6-750F6CA69144}"
EndProject
Project("{9A19103F-16F7-4668-BE54-9A1E7A4F7556}") = "HomeHomie.TelegramModule", "Modules\HomeHomie.TelegramModule\HomeHomie.TelegramModule.csproj", "{38FE0AED-568D-45E5-9A60-91D69B70D3ED}"
EndProject
Project("{9A19103F-16F7-4668-BE54-9A1E7A4F7556}") = "HomeHomie.HomeAssistantModule", "Modules\HomeHomie.HomeAssistantModule\HomeHomie.HomeAssistantModule.csproj", "{942DE96C-E9A7-45CC-AA8F-4C25AEEA964C}"
EndProject
Global
	GlobalSection(SolutionConfigurationPlatforms) = preSolution
		Debug|Any CPU = Debug|Any CPU
		Release|Any CPU = Release|Any CPU
	EndGlobalSection
	GlobalSection(ProjectConfigurationPlatforms) = postSolution
		{BB45A316-D56F-467D-80F3-6D9FFF4EBBBA}.Debug|Any CPU.ActiveCfg = Debug|Any CPU
		{BB45A316-D56F-467D-80F3-6D9FFF4EBBBA}.Debug|Any CPU.Build.0 = Debug|Any CPU
		{BB45A316-D56F-467D-80F3-6D9FFF4EBBBA}.Release|Any CPU.ActiveCfg = Release|Any CPU
		{BB45A316-D56F-467D-80F3-6D9FFF4EBBBA}.Release|Any CPU.Build.0 = Release|Any CPU
		{8BA23296-F68A-420F-BCB9-E78F0573B4FC}.Debug|Any CPU.ActiveCfg = Debug|Any CPU
		{8BA23296-F68A-420F-BCB9-E78F0573B4FC}.Debug|Any CPU.Build.0 = Debug|Any CPU
		{8BA23296-F68A-420F-BCB9-E78F0573B4FC}.Release|Any CPU.ActiveCfg = Release|Any CPU
		{8BA23296-F68A-420F-BCB9-E78F0573B4FC}.Release|Any CPU.Build.0 = Release|Any CPU
		{F255D19F-2D6A-4874-A97A-66606E5354A2}.Debug|Any CPU.ActiveCfg = Debug|Any CPU
		{F255D19F-2D6A-4874-A97A-66606E5354A2}.Debug|Any CPU.Build.0 = Debug|Any CPU
		{F255D19F-2D6A-4874-A97A-66606E5354A2}.Release|Any CPU.ActiveCfg = Release|Any CPU
		{F255D19F-2D6A-4874-A97A-66606E5354A2}.Release|Any CPU.Build.0 = Release|Any CPU
		{6321103C-7D13-4666-B8E0-FE72DC9B8A57}.Debug|Any CPU.ActiveCfg = Debug|Any CPU
		{6321103C-7D13-4666-B8E0-FE72DC9B8A57}.Debug|Any CPU.Build.0 = Debug|Any CPU
		{6321103C-7D13-4666-B8E0-FE72DC9B8A57}.Release|Any CPU.ActiveCfg = Release|Any CPU
		{6321103C-7D13-4666-B8E0-FE72DC9B8A57}.Release|Any CPU.Build.0 = Release|Any CPU
		{3BBA5F71-64FA-49F0-94A5-0BEF258CC516}.Debug|Any CPU.ActiveCfg = Debug|Any CPU
		{3BBA5F71-64FA-49F0-94A5-0BEF258CC516}.Debug|Any CPU.Build.0 = Debug|Any CPU
		{3BBA5F71-64FA-49F0-94A5-0BEF258CC516}.Release|Any CPU.ActiveCfg = Release|Any CPU
		{3BBA5F71-64FA-49F0-94A5-0BEF258CC516}.Release|Any CPU.Build.0 = Release|Any CPU
		{471D1895-087E-4E1C-8EE6-750F6CA69144}.Debug|Any CPU.ActiveCfg = Debug|Any CPU
		{471D1895-087E-4E1C-8EE6-750F6CA69144}.Debug|Any CPU.Build.0 = Debug|Any CPU
		{471D1895-087E-4E1C-8EE6-750F6CA69144}.Release|Any CPU.ActiveCfg = Release|Any CPU
		{471D1895-087E-4E1C-8EE6-750F6CA69144}.Release|Any CPU.Build.0 = Release|Any CPU
		{38FE0AED-568D-45E5-9A60-91D69B70D3ED}.Debug|Any CPU.ActiveCfg = Debug|Any CPU
		{38FE0AED-568D-45E5-9A60-91D69B70D3ED}.Debug|Any CPU.Build.0 = Debug|Any CPU
		{38FE0AED-568D-45E5-9A60-91D69B70D3ED}.Release|Any CPU.ActiveCfg = Release|Any CPU
		{38FE0AED-568D-45E5-9A60-91D69B70D3ED}.Release|Any CPU.Build.0 = Release|Any CPU
		{942DE96C-E9A7-45CC-AA8F-4C25AEEA964C}.Debug|Any CPU.ActiveCfg = Debug|Any CPU
		{942DE96C-E9A7-45CC-AA8F-4C25AEEA964C}.Debug|Any CPU.Build.0 = Debug|Any CPU
		{942DE96C-E9A7-45CC-AA8F-4C25AEEA964C}.Release|Any CPU.ActiveCfg = Release|Any CPU
		{942DE96C-E9A7-45CC-AA8F-4C25AEEA964C}.Release|Any CPU.Build.0 = Release|Any CPU
	EndGlobalSection
	GlobalSection(SolutionProperties) = preSolution
		HideSolutionNode = FALSE
	EndGlobalSection
	GlobalSection(NestedProjects) = preSolution
		{BB45A316-D56F-467D-80F3-6D9FFF4EBBBA} = {144CB37D-38F1-41BF-83F2-89FCFDC4B739}
		{8BA23296-F68A-420F-BCB9-E78F0573B4FC} = {144CB37D-38F1-41BF-83F2-89FCFDC4B739}
		{F255D19F-2D6A-4874-A97A-66606E5354A2} = {144CB37D-38F1-41BF-83F2-89FCFDC4B739}
		{6321103C-7D13-4666-B8E0-FE72DC9B8A57} = {144CB37D-38F1-41BF-83F2-89FCFDC4B739}
		{3BBA5F71-64FA-49F0-94A5-0BEF258CC516} = {144CB37D-38F1-41BF-83F2-89FCFDC4B739}
		{471D1895-087E-4E1C-8EE6-750F6CA69144} = {7DA26997-04F4-4F07-8295-B8CE6C16C038}
		{38FE0AED-568D-45E5-9A60-91D69B70D3ED} = {7DA26997-04F4-4F07-8295-B8CE6C16C038}
		{942DE96C-E9A7-45CC-AA8F-4C25AEEA964C} = {7DA26997-04F4-4F07-8295-B8CE6C16C038}
	EndGlobalSection
	GlobalSection(ExtensibilityGlobals) = postSolution
		SolutionGuid = {D3331C51-E9A6-427E-A915-A5532FFD70EA}
	EndGlobalSection
EndGlobal
